// !$*UTF8*$!
{
	archiveVersion = 1;
	classes = {
	};
	objectVersion = 56;
	objects = {

/* Begin PBXBuildFile section */
		A217DC102AD4A00F0069A55B /* AppDelegate.swift in Sources */ = {isa = PBXBuildFile; fileRef = A217DC0F2AD4A00F0069A55B /* AppDelegate.swift */; };
		A217DC122AD4A00F0069A55B /* SceneDelegate.swift in Sources */ = {isa = PBXBuildFile; fileRef = A217DC112AD4A00F0069A55B /* SceneDelegate.swift */; };
		A217DC142AD4A00F0069A55B /* UserViewController.swift in Sources */ = {isa = PBXBuildFile; fileRef = A217DC132AD4A00F0069A55B /* UserViewController.swift */; };
		A217DC172AD4A00F0069A55B /* Main.storyboard in Resources */ = {isa = PBXBuildFile; fileRef = A217DC152AD4A00F0069A55B /* Main.storyboard */; };
		A217DC1A2AD4A00F0069A55B /* Odyssey.xcdatamodeld in Sources */ = {isa = PBXBuildFile; fileRef = A217DC182AD4A00F0069A55B /* Odyssey.xcdatamodeld */; };
		A217DC1C2AD4A0110069A55B /* Assets.xcassets in Resources */ = {isa = PBXBuildFile; fileRef = A217DC1B2AD4A0110069A55B /* Assets.xcassets */; };
		A217DC1F2AD4A0110069A55B /* LaunchScreen.storyboard in Resources */ = {isa = PBXBuildFile; fileRef = A217DC1D2AD4A0110069A55B /* LaunchScreen.storyboard */; };
		A217DC2A2AD4A8500069A55B /* User.swift in Sources */ = {isa = PBXBuildFile; fileRef = A217DC292AD4A8500069A55B /* User.swift */; };
		A24AD7FB2AD89F8E00CAFC30 /* TicketDetailsViewController.swift in Sources */ = {isa = PBXBuildFile; fileRef = A24AD7FA2AD89F8E00CAFC30 /* TicketDetailsViewController.swift */; };
		A24AD7FD2AD89FA000CAFC30 /* FlightsViewController.swift in Sources */ = {isa = PBXBuildFile; fileRef = A24AD7FC2AD89FA000CAFC30 /* FlightsViewController.swift */; };
		A28C29F42AD710A700D5B028 /* LocationViewController.swift in Sources */ = {isa = PBXBuildFile; fileRef = A28C29F32AD710A700D5B028 /* LocationViewController.swift */; };
		A28C29F62AD7641C00D5B028 /* TableViewCell.swift in Sources */ = {isa = PBXBuildFile; fileRef = A28C29F52AD7641C00D5B028 /* TableViewCell.swift */; };
		A28C40D12AD8986200BD2ABF /* Countries.plist in Resources */ = {isa = PBXBuildFile; fileRef = A28C40D02AD8986200BD2ABF /* Countries.plist */; };
		A2942D6E2ADC67420086D170 /* TicketViewController.swift in Sources */ = {isa = PBXBuildFile; fileRef = A2942D6D2ADC67420086D170 /* TicketViewController.swift */; };
		A2942D702ADC6C280086D170 /* SeatsViewController.swift in Sources */ = {isa = PBXBuildFile; fileRef = A2942D6F2ADC6C280086D170 /* SeatsViewController.swift */; };
		A2A5955B2ADCDF9B002BB550 /* CollectionViewCell.swift in Sources */ = {isa = PBXBuildFile; fileRef = A2A5955A2ADCDF9B002BB550 /* CollectionViewCell.swift */; };
		A2D9FC022ADE942E00A29361 /* UserTableViewCell.swift in Sources */ = {isa = PBXBuildFile; fileRef = A2D9FC012ADE942E00A29361 /* UserTableViewCell.swift */; };
		A2D9FC062ADE9FB800A29361 /* UserListViewController.swift in Sources */ = {isa = PBXBuildFile; fileRef = A2D9FC052ADE9FB800A29361 /* UserListViewController.swift */; };
		A2D9FC842ADF87A700A29361 /* Flight.swift in Sources */ = {isa = PBXBuildFile; fileRef = A2D9FC832ADF87A700A29361 /* Flight.swift */; };
		A2D9FCBB2ADFEFB500A29361 /* Ticket+CoreDataClass.swift in Sources */ = {isa = PBXBuildFile; fileRef = A2D9FCB52ADFEFB500A29361 /* Ticket+CoreDataClass.swift */; };
		A2D9FCBC2ADFEFB500A29361 /* Ticket+CoreDataProperties.swift in Sources */ = {isa = PBXBuildFile; fileRef = A2D9FCB62ADFEFB500A29361 /* Ticket+CoreDataProperties.swift */; };
		A2D9FCBD2ADFEFB500A29361 /* Flight+CoreDataClass.swift in Sources */ = {isa = PBXBuildFile; fileRef = A2D9FCB72ADFEFB500A29361 /* Flight+CoreDataClass.swift */; };
		A2D9FCBE2ADFEFB500A29361 /* Flight+CoreDataProperties.swift in Sources */ = {isa = PBXBuildFile; fileRef = A2D9FCB82ADFEFB500A29361 /* Flight+CoreDataProperties.swift */; };
		A2D9FCBF2ADFEFB500A29361 /* User+CoreDataClass.swift in Sources */ = {isa = PBXBuildFile; fileRef = A2D9FCB92ADFEFB500A29361 /* User+CoreDataClass.swift */; };
		A2D9FCC02ADFEFB500A29361 /* User+CoreDataProperties.swift in Sources */ = {isa = PBXBuildFile; fileRef = A2D9FCBA2ADFEFB500A29361 /* User+CoreDataProperties.swift */; };
		A2D9FCC22AE004F500A29361 /* Validation.swift in Sources */ = {isa = PBXBuildFile; fileRef = A2D9FCC12AE004F500A29361 /* Validation.swift */; };
		A2D9FCCA2AE021D400A29361 /* DataManager.swift in Sources */ = {isa = PBXBuildFile; fileRef = A2D9FCC92AE021D400A29361 /* DataManager.swift */; };
/* End PBXBuildFile section */

/* Begin PBXFileReference section */
		A217DC0C2AD4A00F0069A55B /* Odyssey.app */ = {isa = PBXFileReference; explicitFileType = wrapper.application; includeInIndex = 0; path = Odyssey.app; sourceTree = BUILT_PRODUCTS_DIR; };
		A217DC0F2AD4A00F0069A55B /* AppDelegate.swift */ = {isa = PBXFileReference; lastKnownFileType = sourcecode.swift; path = AppDelegate.swift; sourceTree = "<group>"; };
		A217DC112AD4A00F0069A55B /* SceneDelegate.swift */ = {isa = PBXFileReference; lastKnownFileType = sourcecode.swift; path = SceneDelegate.swift; sourceTree = "<group>"; };
		A217DC132AD4A00F0069A55B /* UserViewController.swift */ = {isa = PBXFileReference; lastKnownFileType = sourcecode.swift; path = UserViewController.swift; sourceTree = "<group>"; };
		A217DC162AD4A00F0069A55B /* Base */ = {isa = PBXFileReference; lastKnownFileType = file.storyboard; name = Base; path = Base.lproj/Main.storyboard; sourceTree = "<group>"; };
		A217DC192AD4A00F0069A55B /* Odyssey.xcdatamodel */ = {isa = PBXFileReference; lastKnownFileType = wrapper.xcdatamodel; path = Odyssey.xcdatamodel; sourceTree = "<group>"; };
		A217DC1B2AD4A0110069A55B /* Assets.xcassets */ = {isa = PBXFileReference; lastKnownFileType = folder.assetcatalog; path = Assets.xcassets; sourceTree = "<group>"; };
		A217DC1E2AD4A0110069A55B /* Base */ = {isa = PBXFileReference; lastKnownFileType = file.storyboard; name = Base; path = Base.lproj/LaunchScreen.storyboard; sourceTree = "<group>"; };
		A217DC202AD4A0110069A55B /* Info.plist */ = {isa = PBXFileReference; lastKnownFileType = text.plist.xml; path = Info.plist; sourceTree = "<group>"; };
		A217DC292AD4A8500069A55B /* User.swift */ = {isa = PBXFileReference; lastKnownFileType = sourcecode.swift; path = User.swift; sourceTree = "<group>"; };
		A24AD7FA2AD89F8E00CAFC30 /* TicketDetailsViewController.swift */ = {isa = PBXFileReference; lastKnownFileType = sourcecode.swift; path = TicketDetailsViewController.swift; sourceTree = "<group>"; };
		A24AD7FC2AD89FA000CAFC30 /* FlightsViewController.swift */ = {isa = PBXFileReference; lastKnownFileType = sourcecode.swift; path = FlightsViewController.swift; sourceTree = "<group>"; };
		A28C29F32AD710A700D5B028 /* LocationViewController.swift */ = {isa = PBXFileReference; lastKnownFileType = sourcecode.swift; path = LocationViewController.swift; sourceTree = "<group>"; };
		A28C29F52AD7641C00D5B028 /* TableViewCell.swift */ = {isa = PBXFileReference; lastKnownFileType = sourcecode.swift; path = TableViewCell.swift; sourceTree = "<group>"; };
		A28C40D02AD8986200BD2ABF /* Countries.plist */ = {isa = PBXFileReference; fileEncoding = 4; lastKnownFileType = text.plist.xml; path = Countries.plist; sourceTree = "<group>"; };
		A2942D6D2ADC67420086D170 /* TicketViewController.swift */ = {isa = PBXFileReference; lastKnownFileType = sourcecode.swift; path = TicketViewController.swift; sourceTree = "<group>"; };
		A2942D6F2ADC6C280086D170 /* SeatsViewController.swift */ = {isa = PBXFileReference; lastKnownFileType = sourcecode.swift; path = SeatsViewController.swift; sourceTree = "<group>"; };
		A2A5955A2ADCDF9B002BB550 /* CollectionViewCell.swift */ = {isa = PBXFileReference; lastKnownFileType = sourcecode.swift; path = CollectionViewCell.swift; sourceTree = "<group>"; };
		A2D9FC012ADE942E00A29361 /* UserTableViewCell.swift */ = {isa = PBXFileReference; lastKnownFileType = sourcecode.swift; path = UserTableViewCell.swift; sourceTree = "<group>"; };
		A2D9FC052ADE9FB800A29361 /* UserListViewController.swift */ = {isa = PBXFileReference; lastKnownFileType = sourcecode.swift; path = UserListViewController.swift; sourceTree = "<group>"; };
		A2D9FC832ADF87A700A29361 /* Flight.swift */ = {isa = PBXFileReference; fileEncoding = 4; lastKnownFileType = sourcecode.swift; path = Flight.swift; sourceTree = "<group>"; };
		A2D9FCB52ADFEFB500A29361 /* Ticket+CoreDataClass.swift */ = {isa = PBXFileReference; lastKnownFileType = sourcecode.swift; path = "Ticket+CoreDataClass.swift"; sourceTree = "<group>"; };
		A2D9FCB62ADFEFB500A29361 /* Ticket+CoreDataProperties.swift */ = {isa = PBXFileReference; lastKnownFileType = sourcecode.swift; path = "Ticket+CoreDataProperties.swift"; sourceTree = "<group>"; };
		A2D9FCB72ADFEFB500A29361 /* Flight+CoreDataClass.swift */ = {isa = PBXFileReference; lastKnownFileType = sourcecode.swift; path = "Flight+CoreDataClass.swift"; sourceTree = "<group>"; };
		A2D9FCB82ADFEFB500A29361 /* Flight+CoreDataProperties.swift */ = {isa = PBXFileReference; lastKnownFileType = sourcecode.swift; path = "Flight+CoreDataProperties.swift"; sourceTree = "<group>"; };
		A2D9FCB92ADFEFB500A29361 /* User+CoreDataClass.swift */ = {isa = PBXFileReference; lastKnownFileType = sourcecode.swift; path = "User+CoreDataClass.swift"; sourceTree = "<group>"; };
		A2D9FCBA2ADFEFB500A29361 /* User+CoreDataProperties.swift */ = {isa = PBXFileReference; lastKnownFileType = sourcecode.swift; path = "User+CoreDataProperties.swift"; sourceTree = "<group>"; };
		A2D9FCC12AE004F500A29361 /* Validation.swift */ = {isa = PBXFileReference; lastKnownFileType = sourcecode.swift; path = Validation.swift; sourceTree = "<group>"; };
		A2D9FCC92AE021D400A29361 /* DataManager.swift */ = {isa = PBXFileReference; lastKnownFileType = sourcecode.swift; path = DataManager.swift; sourceTree = "<group>"; };
/* End PBXFileReference section */

/* Begin PBXFrameworksBuildPhase section */
		A217DC092AD4A00F0069A55B /* Frameworks */ = {
			isa = PBXFrameworksBuildPhase;
			buildActionMask = 2147483647;
			files = (
			);
			runOnlyForDeploymentPostprocessing = 0;
		};
/* End PBXFrameworksBuildPhase section */

/* Begin PBXGroup section */
		A217DC032AD4A00F0069A55B = {
			isa = PBXGroup;
			children = (
				A217DC0E2AD4A00F0069A55B /* Odyssey */,
				A217DC0D2AD4A00F0069A55B /* Products */,
			);
			sourceTree = "<group>";
		};
		A217DC0D2AD4A00F0069A55B /* Products */ = {
			isa = PBXGroup;
			children = (
				A217DC0C2AD4A00F0069A55B /* Odyssey.app */,
			);
			name = Products;
			sourceTree = "<group>";
		};
		A217DC0E2AD4A00F0069A55B /* Odyssey */ = {
			isa = PBXGroup;
			children = (
				A2D9FCC82AE021C300A29361 /* DataManager */,
				A2D9FC0A2ADF5EDB00A29361 /* Model */,
				A2D9FC072ADEF83700A29361 /* ValidationManager */,
				A217DC262AD4A7D20069A55B /* DataModel */,
				A28C29F02AD70D8E00D5B028 /* Location */,
				A217DC282AD4A80A0069A55B /* User */,
				A24AD7F72AD89F4000CAFC30 /* Flights */,
				A24AD7F62AD89F1700CAFC30 /* Tickets */,
				A217DC0F2AD4A00F0069A55B /* AppDelegate.swift */,
				A217DC112AD4A00F0069A55B /* SceneDelegate.swift */,
				A28C40D02AD8986200BD2ABF /* Countries.plist */,
				A217DC182AD4A00F0069A55B /* Odyssey.xcdatamodeld */,
				A217DC1B2AD4A0110069A55B /* Assets.xcassets */,
				A217DC1D2AD4A0110069A55B /* LaunchScreen.storyboard */,
				A217DC202AD4A0110069A55B /* Info.plist */,
			);
			path = Odyssey;
			sourceTree = "<group>";
		};
		A217DC262AD4A7D20069A55B /* DataModel */ = {
			isa = PBXGroup;
			children = (
				A2D9FC832ADF87A700A29361 /* Flight.swift */,
				A217DC292AD4A8500069A55B /* User.swift */,
			);
			path = DataModel;
			sourceTree = "<group>";
		};
		A217DC282AD4A80A0069A55B /* User */ = {
			isa = PBXGroup;
			children = (
				A217DC132AD4A00F0069A55B /* UserViewController.swift */,
				A2D9FC052ADE9FB800A29361 /* UserListViewController.swift */,
				A2D9FC012ADE942E00A29361 /* UserTableViewCell.swift */,
				A217DC152AD4A00F0069A55B /* Main.storyboard */,
			);
			path = User;
			sourceTree = "<group>";
		};
		A24AD7F62AD89F1700CAFC30 /* Tickets */ = {
			isa = PBXGroup;
			children = (
				A24AD7FA2AD89F8E00CAFC30 /* TicketDetailsViewController.swift */,
			);
			path = Tickets;
			sourceTree = "<group>";
		};
		A24AD7F72AD89F4000CAFC30 /* Flights */ = {
			isa = PBXGroup;
			children = (
				A24AD7FC2AD89FA000CAFC30 /* FlightsViewController.swift */,
				A2942D6F2ADC6C280086D170 /* SeatsViewController.swift */,
				A2A5955A2ADCDF9B002BB550 /* CollectionViewCell.swift */,
				A2942D6D2ADC67420086D170 /* TicketViewController.swift */,
			);
			path = Flights;
			sourceTree = "<group>";
		};
		A28C29F02AD70D8E00D5B028 /* Location */ = {
			isa = PBXGroup;
			children = (
				A28C29F32AD710A700D5B028 /* LocationViewController.swift */,
				A28C29F52AD7641C00D5B028 /* TableViewCell.swift */,
			);
			path = Location;
			sourceTree = "<group>";
		};
		A2D9FC072ADEF83700A29361 /* ValidationManager */ = {
			isa = PBXGroup;
			children = (
				A2D9FCC12AE004F500A29361 /* Validation.swift */,
			);
			path = ValidationManager;
			sourceTree = "<group>";
		};
		A2D9FC0A2ADF5EDB00A29361 /* Model */ = {
			isa = PBXGroup;
			children = (
				A2D9FCB52ADFEFB500A29361 /* Ticket+CoreDataClass.swift */,
				A2D9FCB62ADFEFB500A29361 /* Ticket+CoreDataProperties.swift */,
				A2D9FCB72ADFEFB500A29361 /* Flight+CoreDataClass.swift */,
				A2D9FCB82ADFEFB500A29361 /* Flight+CoreDataProperties.swift */,
				A2D9FCB92ADFEFB500A29361 /* User+CoreDataClass.swift */,
				A2D9FCBA2ADFEFB500A29361 /* User+CoreDataProperties.swift */,
			);
			path = Model;
			sourceTree = "<group>";
		};
		A2D9FCC82AE021C300A29361 /* DataManager */ = {
			isa = PBXGroup;
			children = (
				A2D9FCC92AE021D400A29361 /* DataManager.swift */,
			);
			path = DataManager;
			sourceTree = "<group>";
		};
/* End PBXGroup section */

/* Begin PBXNativeTarget section */
		A217DC0B2AD4A00F0069A55B /* Odyssey */ = {
			isa = PBXNativeTarget;
			buildConfigurationList = A217DC232AD4A0110069A55B /* Build configuration list for PBXNativeTarget "Odyssey" */;
			buildPhases = (
				A217DC082AD4A00F0069A55B /* Sources */,
				A217DC092AD4A00F0069A55B /* Frameworks */,
				A217DC0A2AD4A00F0069A55B /* Resources */,
			);
			buildRules = (
			);
			dependencies = (
			);
			name = Odyssey;
			productName = Odyssey;
			productReference = A217DC0C2AD4A00F0069A55B /* Odyssey.app */;
			productType = "com.apple.product-type.application";
		};
/* End PBXNativeTarget section */

/* Begin PBXProject section */
		A217DC042AD4A00F0069A55B /* Project object */ = {
			isa = PBXProject;
			attributes = {
				BuildIndependentTargetsInParallel = 1;
				LastSwiftUpdateCheck = 1500;
				LastUpgradeCheck = 1500;
				TargetAttributes = {
					A217DC0B2AD4A00F0069A55B = {
						CreatedOnToolsVersion = 15.0;
					};
				};
			};
			buildConfigurationList = A217DC072AD4A00F0069A55B /* Build configuration list for PBXProject "Odyssey" */;
			compatibilityVersion = "Xcode 14.0";
			developmentRegion = en;
			hasScannedForEncodings = 0;
			knownRegions = (
				en,
				Base,
			);
			mainGroup = A217DC032AD4A00F0069A55B;
			productRefGroup = A217DC0D2AD4A00F0069A55B /* Products */;
			projectDirPath = "";
			projectRoot = "";
			targets = (
				A217DC0B2AD4A00F0069A55B /* Odyssey */,
			);
		};
/* End PBXProject section */

/* Begin PBXResourcesBuildPhase section */
		A217DC0A2AD4A00F0069A55B /* Resources */ = {
			isa = PBXResourcesBuildPhase;
			buildActionMask = 2147483647;
			files = (
				A217DC1F2AD4A0110069A55B /* LaunchScreen.storyboard in Resources */,
				A28C40D12AD8986200BD2ABF /* Countries.plist in Resources */,
				A217DC1C2AD4A0110069A55B /* Assets.xcassets in Resources */,
				A217DC172AD4A00F0069A55B /* Main.storyboard in Resources */,
			);
			runOnlyForDeploymentPostprocessing = 0;
		};
/* End PBXResourcesBuildPhase section */

/* Begin PBXSourcesBuildPhase section */
		A217DC082AD4A00F0069A55B /* Sources */ = {
			isa = PBXSourcesBuildPhase;
			buildActionMask = 2147483647;
			files = (
				A2D9FC062ADE9FB800A29361 /* UserListViewController.swift in Sources */,
				A2D9FCBB2ADFEFB500A29361 /* Ticket+CoreDataClass.swift in Sources */,
				A2D9FCC22AE004F500A29361 /* Validation.swift in Sources */,
				A24AD7FD2AD89FA000CAFC30 /* FlightsViewController.swift in Sources */,
				A217DC1A2AD4A00F0069A55B /* Odyssey.xcdatamodeld in Sources */,
				A2D9FCCA2AE021D400A29361 /* DataManager.swift in Sources */,
				A217DC142AD4A00F0069A55B /* UserViewController.swift in Sources */,
				A2D9FC022ADE942E00A29361 /* UserTableViewCell.swift in Sources */,
				A217DC102AD4A00F0069A55B /* AppDelegate.swift in Sources */,
				A2D9FCBE2ADFEFB500A29361 /* Flight+CoreDataProperties.swift in Sources */,
				A28C29F42AD710A700D5B028 /* LocationViewController.swift in Sources */,
				A2D9FC842ADF87A700A29361 /* Flight.swift in Sources */,
				A2D9FCBD2ADFEFB500A29361 /* Flight+CoreDataClass.swift in Sources */,
				A2D9FCBC2ADFEFB500A29361 /* Ticket+CoreDataProperties.swift in Sources */,
				A2942D702ADC6C280086D170 /* SeatsViewController.swift in Sources */,
				A24AD7FB2AD89F8E00CAFC30 /* TicketDetailsViewController.swift in Sources */,
				A2942D6E2ADC67420086D170 /* TicketViewController.swift in Sources */,
				A2A5955B2ADCDF9B002BB550 /* CollectionViewCell.swift in Sources */,
				A217DC2A2AD4A8500069A55B /* User.swift in Sources */,
				A28C29F62AD7641C00D5B028 /* TableViewCell.swift in Sources */,
				A2D9FCC02ADFEFB500A29361 /* User+CoreDataProperties.swift in Sources */,
				A217DC122AD4A00F0069A55B /* SceneDelegate.swift in Sources */,
				A2D9FCBF2ADFEFB500A29361 /* User+CoreDataClass.swift in Sources */,
			);
			runOnlyForDeploymentPostprocessing = 0;
		};
/* End PBXSourcesBuildPhase section */

/* Begin PBXVariantGroup section */
		A217DC152AD4A00F0069A55B /* Main.storyboard */ = {
			isa = PBXVariantGroup;
			children = (
				A217DC162AD4A00F0069A55B /* Base */,
			);
			name = Main.storyboard;
			sourceTree = "<group>";
		};
		A217DC1D2AD4A0110069A55B /* LaunchScreen.storyboard */ = {
			isa = PBXVariantGroup;
			children = (
				A217DC1E2AD4A0110069A55B /* Base */,
			);
			name = LaunchScreen.storyboard;
			sourceTree = "<group>";
		};
/* End PBXVariantGroup section */

/* Begin XCBuildConfiguration section */
		A217DC212AD4A0110069A55B /* Debug */ = {
			isa = XCBuildConfiguration;
			buildSettings = {
				ALWAYS_SEARCH_USER_PATHS = NO;
				ASSETCATALOG_COMPILER_GENERATE_SWIFT_ASSET_SYMBOL_EXTENSIONS = YES;
				CLANG_ANALYZER_NONNULL = YES;
				CLANG_ANALYZER_NUMBER_OBJECT_CONVERSION = YES_AGGRESSIVE;
				CLANG_CXX_LANGUAGE_STANDARD = "gnu++20";
				CLANG_ENABLE_MODULES = YES;
				CLANG_ENABLE_OBJC_ARC = YES;
				CLANG_ENABLE_OBJC_WEAK = YES;
				CLANG_WARN_BLOCK_CAPTURE_AUTORELEASING = YES;
				CLANG_WARN_BOOL_CONVERSION = YES;
				CLANG_WARN_COMMA = YES;
				CLANG_WARN_CONSTANT_CONVERSION = YES;
				CLANG_WARN_DEPRECATED_OBJC_IMPLEMENTATIONS = YES;
				CLANG_WARN_DIRECT_OBJC_ISA_USAGE = YES_ERROR;
				CLANG_WARN_DOCUMENTATION_COMMENTS = YES;
				CLANG_WARN_EMPTY_BODY = YES;
				CLANG_WARN_ENUM_CONVERSION = YES;
				CLANG_WARN_INFINITE_RECURSION = YES;
				CLANG_WARN_INT_CONVERSION = YES;
				CLANG_WARN_NON_LITERAL_NULL_CONVERSION = YES;
				CLANG_WARN_OBJC_IMPLICIT_RETAIN_SELF = YES;
				CLANG_WARN_OBJC_LITERAL_CONVERSION = YES;
				CLANG_WARN_OBJC_ROOT_CLASS = YES_ERROR;
				CLANG_WARN_QUOTED_INCLUDE_IN_FRAMEWORK_HEADER = YES;
				CLANG_WARN_RANGE_LOOP_ANALYSIS = YES;
				CLANG_WARN_STRICT_PROTOTYPES = YES;
				CLANG_WARN_SUSPICIOUS_MOVE = YES;
				CLANG_WARN_UNGUARDED_AVAILABILITY = YES_AGGRESSIVE;
				CLANG_WARN_UNREACHABLE_CODE = YES;
				CLANG_WARN__DUPLICATE_METHOD_MATCH = YES;
				COPY_PHASE_STRIP = NO;
				DEBUG_INFORMATION_FORMAT = dwarf;
				ENABLE_STRICT_OBJC_MSGSEND = YES;
				ENABLE_TESTABILITY = YES;
				ENABLE_USER_SCRIPT_SANDBOXING = YES;
				GCC_C_LANGUAGE_STANDARD = gnu17;
				GCC_DYNAMIC_NO_PIC = NO;
				GCC_NO_COMMON_BLOCKS = YES;
				GCC_OPTIMIZATION_LEVEL = 0;
				GCC_PREPROCESSOR_DEFINITIONS = (
					"DEBUG=1",
					"$(inherited)",
				);
				GCC_WARN_64_TO_32_BIT_CONVERSION = YES;
				GCC_WARN_ABOUT_RETURN_TYPE = YES_ERROR;
				GCC_WARN_UNDECLARED_SELECTOR = YES;
				GCC_WARN_UNINITIALIZED_AUTOS = YES_AGGRESSIVE;
				GCC_WARN_UNUSED_FUNCTION = YES;
				GCC_WARN_UNUSED_VARIABLE = YES;
				IPHONEOS_DEPLOYMENT_TARGET = 17.0;
				LOCALIZATION_PREFERS_STRING_CATALOGS = YES;
				MTL_ENABLE_DEBUG_INFO = INCLUDE_SOURCE;
				MTL_FAST_MATH = YES;
				ONLY_ACTIVE_ARCH = YES;
				SDKROOT = iphoneos;
				SWIFT_ACTIVE_COMPILATION_CONDITIONS = "DEBUG $(inherited)";
				SWIFT_OPTIMIZATION_LEVEL = "-Onone";
			};
			name = Debug;
		};
		A217DC222AD4A0110069A55B /* Release */ = {
			isa = XCBuildConfiguration;
			buildSettings = {
				ALWAYS_SEARCH_USER_PATHS = NO;
				ASSETCATALOG_COMPILER_GENERATE_SWIFT_ASSET_SYMBOL_EXTENSIONS = YES;
				CLANG_ANALYZER_NONNULL = YES;
				CLANG_ANALYZER_NUMBER_OBJECT_CONVERSION = YES_AGGRESSIVE;
				CLANG_CXX_LANGUAGE_STANDARD = "gnu++20";
				CLANG_ENABLE_MODULES = YES;
				CLANG_ENABLE_OBJC_ARC = YES;
				CLANG_ENABLE_OBJC_WEAK = YES;
				CLANG_WARN_BLOCK_CAPTURE_AUTORELEASING = YES;
				CLANG_WARN_BOOL_CONVERSION = YES;
				CLANG_WARN_COMMA = YES;
				CLANG_WARN_CONSTANT_CONVERSION = YES;
				CLANG_WARN_DEPRECATED_OBJC_IMPLEMENTATIONS = YES;
				CLANG_WARN_DIRECT_OBJC_ISA_USAGE = YES_ERROR;
				CLANG_WARN_DOCUMENTATION_COMMENTS = YES;
				CLANG_WARN_EMPTY_BODY = YES;
				CLANG_WARN_ENUM_CONVERSION = YES;
				CLANG_WARN_INFINITE_RECURSION = YES;
				CLANG_WARN_INT_CONVERSION = YES;
				CLANG_WARN_NON_LITERAL_NULL_CONVERSION = YES;
				CLANG_WARN_OBJC_IMPLICIT_RETAIN_SELF = YES;
				CLANG_WARN_OBJC_LITERAL_CONVERSION = YES;
				CLANG_WARN_OBJC_ROOT_CLASS = YES_ERROR;
				CLANG_WARN_QUOTED_INCLUDE_IN_FRAMEWORK_HEADER = YES;
				CLANG_WARN_RANGE_LOOP_ANALYSIS = YES;
				CLANG_WARN_STRICT_PROTOTYPES = YES;
				CLANG_WARN_SUSPICIOUS_MOVE = YES;
				CLANG_WARN_UNGUARDED_AVAILABILITY = YES_AGGRESSIVE;
				CLANG_WARN_UNREACHABLE_CODE = YES;
				CLANG_WARN__DUPLICATE_METHOD_MATCH = YES;
				COPY_PHASE_STRIP = NO;
				DEBUG_INFORMATION_FORMAT = "dwarf-with-dsym";
				ENABLE_NS_ASSERTIONS = NO;
				ENABLE_STRICT_OBJC_MSGSEND = YES;
				ENABLE_USER_SCRIPT_SANDBOXING = YES;
				GCC_C_LANGUAGE_STANDARD = gnu17;
				GCC_NO_COMMON_BLOCKS = YES;
				GCC_WARN_64_TO_32_BIT_CONVERSION = YES;
				GCC_WARN_ABOUT_RETURN_TYPE = YES_ERROR;
				GCC_WARN_UNDECLARED_SELECTOR = YES;
				GCC_WARN_UNINITIALIZED_AUTOS = YES_AGGRESSIVE;
				GCC_WARN_UNUSED_FUNCTION = YES;
				GCC_WARN_UNUSED_VARIABLE = YES;
				IPHONEOS_DEPLOYMENT_TARGET = 17.0;
				LOCALIZATION_PREFERS_STRING_CATALOGS = YES;
				MTL_ENABLE_DEBUG_INFO = NO;
				MTL_FAST_MATH = YES;
				SDKROOT = iphoneos;
				SWIFT_COMPILATION_MODE = wholemodule;
				VALIDATE_PRODUCT = YES;
			};
			name = Release;
		};
		A217DC242AD4A0110069A55B /* Debug */ = {
			isa = XCBuildConfiguration;
			buildSettings = {
				ASSETCATALOG_COMPILER_APPICON_NAME = AppIcon;
				ASSETCATALOG_COMPILER_GLOBAL_ACCENT_COLOR_NAME = AccentColor;
				CODE_SIGN_STYLE = Automatic;
				CURRENT_PROJECT_VERSION = 1;
				DEVELOPMENT_TEAM = AJ6UG629X6;
				GENERATE_INFOPLIST_FILE = YES;
				INFOPLIST_FILE = Odyssey/Info.plist;
				INFOPLIST_KEY_UIApplicationSupportsIndirectInputEvents = YES;
				INFOPLIST_KEY_UILaunchStoryboardName = LaunchScreen;
				INFOPLIST_KEY_UIMainStoryboardFile = Main;
				INFOPLIST_KEY_UISupportedInterfaceOrientations_iPad = "UIInterfaceOrientationPortrait UIInterfaceOrientationPortraitUpsideDown UIInterfaceOrientationLandscapeLeft UIInterfaceOrientationLandscapeRight";
				INFOPLIST_KEY_UISupportedInterfaceOrientations_iPhone = "UIInterfaceOrientationPortrait UIInterfaceOrientationLandscapeLeft UIInterfaceOrientationLandscapeRight";
				LD_RUNPATH_SEARCH_PATHS = (
					"$(inherited)",
					"@executable_path/Frameworks",
				);
				MARKETING_VERSION = 1.0;
				PRODUCT_BUNDLE_IDENTIFIER = com.singhinamerica.Odyssey;
				PRODUCT_NAME = "$(TARGET_NAME)";
				SWIFT_EMIT_LOC_STRINGS = YES;
				SWIFT_VERSION = 5.0;
				TARGETED_DEVICE_FAMILY = "1,2";
			};
			name = Debug;
		};
		A217DC252AD4A0110069A55B /* Release */ = {
			isa = XCBuildConfiguration;
			buildSettings = {
				ASSETCATALOG_COMPILER_APPICON_NAME = AppIcon;
				ASSETCATALOG_COMPILER_GLOBAL_ACCENT_COLOR_NAME = AccentColor;
				CODE_SIGN_STYLE = Automatic;
				CURRENT_PROJECT_VERSION = 1;
				DEVELOPMENT_TEAM = AJ6UG629X6;
				GENERATE_INFOPLIST_FILE = YES;
				INFOPLIST_FILE = Odyssey/Info.plist;
				INFOPLIST_KEY_UIApplicationSupportsIndirectInputEvents = YES;
				INFOPLIST_KEY_UILaunchStoryboardName = LaunchScreen;
				INFOPLIST_KEY_UIMainStoryboardFile = Main;
				INFOPLIST_KEY_UISupportedInterfaceOrientations_iPad = "UIInterfaceOrientationPortrait UIInterfaceOrientationPortraitUpsideDown UIInterfaceOrientationLandscapeLeft UIInterfaceOrientationLandscapeRight";
				INFOPLIST_KEY_UISupportedInterfaceOrientations_iPhone = "UIInterfaceOrientationPortrait UIInterfaceOrientationLandscapeLeft UIInterfaceOrientationLandscapeRight";
				LD_RUNPATH_SEARCH_PATHS = (
					"$(inherited)",
					"@executable_path/Frameworks",
				);
				MARKETING_VERSION = 1.0;
				PRODUCT_BUNDLE_IDENTIFIER = com.singhinamerica.Odyssey;
				PRODUCT_NAME = "$(TARGET_NAME)";
				SWIFT_EMIT_LOC_STRINGS = YES;
				SWIFT_VERSION = 5.0;
				TARGETED_DEVICE_FAMILY = "1,2";
			};
			name = Release;
		};
/* End XCBuildConfiguration section */

/* Begin XCConfigurationList section */
		A217DC072AD4A00F0069A55B /* Build configuration list for PBXProject "Odyssey" */ = {
			isa = XCConfigurationList;
			buildConfigurations = (
				A217DC212AD4A0110069A55B /* Debug */,
				A217DC222AD4A0110069A55B /* Release */,
			);
			defaultConfigurationIsVisible = 0;
			defaultConfigurationName = Release;
		};
		A217DC232AD4A0110069A55B /* Build configuration list for PBXNativeTarget "Odyssey" */ = {
			isa = XCConfigurationList;
			buildConfigurations = (
				A217DC242AD4A0110069A55B /* Debug */,
				A217DC252AD4A0110069A55B /* Release */,
			);
			defaultConfigurationIsVisible = 0;
			defaultConfigurationName = Release;
		};
/* End XCConfigurationList section */

/* Begin XCVersionGroup section */
		A217DC182AD4A00F0069A55B /* Odyssey.xcdatamodeld */ = {
			isa = XCVersionGroup;
			children = (
				A217DC192AD4A00F0069A55B /* Odyssey.xcdatamodel */,
			);
			currentVersion = A217DC192AD4A00F0069A55B /* Odyssey.xcdatamodel */;
			path = Odyssey.xcdatamodeld;
			sourceTree = "<group>";
			versionGroupType = wrapper.xcdatamodel;
		};
/* End XCVersionGroup section */
	};
	rootObject = A217DC042AD4A00F0069A55B /* Project object */;
}
